
Microsoft Visual Studio Solution File, Format Version 12.00
# Visual Studio Version 16
VisualStudioVersion = 16.0.29806.167
MinimumVisualStudioVersion = 10.0.40219.1
Project("{FAE04EC0-301F-11D3-BF4B-00C04F79EFBC}") = "Ldm.Charting.Web", "Ldm.Charting.Web\Ldm.Charting.Web.csproj", "{BC50CD6E-D5B6-4813-9448-AFC996E97DF6}"
EndProject
Project("{FAE04EC0-301F-11D3-BF4B-00C04F79EFBC}") = "Ldm.Charting.Web.Tests", "Ldm.Charting.Web.Tests\Ldm.Charting.Web.Tests.csproj", "{5F9E8C3E-21DD-4DC3-8729-B173E663DAF8}"
EndProject
Project("{FAE04EC0-301F-11D3-BF4B-00C04F79EFBC}") = "Ldm.Charting.Data", "Ldm.Charting.Data\Ldm.Charting.Data.csproj", "{05E905E9-7F32-43ED-B912-32106807C6FD}"
EndProject
Project("{2150E333-8FDC-42A3-9474-1A3956D46DE8}") = "Monitoring", "Monitoring", "{6F014FF1-7E4B-41CD-A813-67D30EA546DC}"
EndProject
Project("{9A19103F-16F7-4668-BE54-9A1E7A4F7556}") = "AlertsAdmin", "..\AlertsAdmin\AlertsAdmin\AlertsAdmin.csproj", "{CBF6FC32-05FC-4550-B590-02213D71D647}"
EndProject
Project("{9A19103F-16F7-4668-BE54-9A1E7A4F7556}") = "AlertsAdmin.Domain", "..\AlertsAdmin\AlertsAdmin.Domain\AlertsAdmin.Domain.csproj", "{61223188-26A4-4742-B7F7-056252B91AB1}"
EndProject
Project("{9A19103F-16F7-4668-BE54-9A1E7A4F7556}") = "AlertsAdmin.Service", "..\AlertsAdmin\AlertsAdmin.Service\AlertsAdmin.Service.csproj", "{DCA1A2DA-C0CF-4A74-ABC4-BA277711D357}"
EndProject
Project("{9A19103F-16F7-4668-BE54-9A1E7A4F7556}") = "AlertsAdmin.Data", "..\AlertsAdmin\AlertsAdmin.Data\AlertsAdmin.Data.csproj", "{328E9083-4F75-4876-B35D-3BCE5052601F}"
EndProject
Project("{2150E333-8FDC-42A3-9474-1A3956D46DE8}") = "1. Presentation", "1. Presentation", "{BD76BCDD-BD3A-45E8-8C7E-300B25A9C517}"
EndProject
Project("{2150E333-8FDC-42A3-9474-1A3956D46DE8}") = "2. Domain", "2. Domain", "{9FC9A587-E273-4E08-B350-400FC1B3EDD7}"
EndProject
Project("{2150E333-8FDC-42A3-9474-1A3956D46DE8}") = "3. Service", "3. Service", "{8AACFC81-F827-4536-8B65-87F4B26D9313}"
EndProject
Project("{2150E333-8FDC-42A3-9474-1A3956D46DE8}") = "4. Data", "4. Data", "{7FA87C74-C963-4A34-BAA1-EA0E131992AD}"
EndProject
Project("{2150E333-8FDC-42A3-9474-1A3956D46DE8}") = "Charting", "Charting", "{826E2058-CCD9-4F32-A253-C0D63C647848}"
EndProject
Project("{2150E333-8FDC-42A3-9474-1A3956D46DE8}") = "5. Monitoring", "5. Monitoring", "{5E45A009-F4F5-4068-8509-02752E4509B0}"
EndProject
Project("{FAE04EC0-301F-11D3-BF4B-00C04F79EFBC}") = "Ldm.Alerts.Service", "..\Monitoring\Ldm.Alerts.Service\Ldm.Alerts.Service.csproj", "{511DE58E-1173-4144-B478-1A5D89FA4CFE}"
EndProject
Project("{9A19103F-16F7-4668-BE54-9A1E7A4F7556}") = "Ldm.Alerts.Data", "..\Monitoring\Ldm.Alerts.Data\Ldm.Alerts.Data.csproj", "{B0A3592E-C949-4566-838D-BDBF1497383C}"
EndProject
Global
	GlobalSection(SolutionConfigurationPlatforms) = preSolution
		Debug|Any CPU = Debug|Any CPU
		Release|Any CPU = Release|Any CPU
	EndGlobalSection
	GlobalSection(ProjectConfigurationPlatforms) = postSolution
		{BC50CD6E-D5B6-4813-9448-AFC996E97DF6}.Debug|Any CPU.ActiveCfg = Debug|Any CPU
		{BC50CD6E-D5B6-4813-9448-AFC996E97DF6}.Debug|Any CPU.Build.0 = Debug|Any CPU
		{BC50CD6E-D5B6-4813-9448-AFC996E97DF6}.Release|Any CPU.ActiveCfg = Release|Any CPU
		{BC50CD6E-D5B6-4813-9448-AFC996E97DF6}.Release|Any CPU.Build.0 = Release|Any CPU
		{5F9E8C3E-21DD-4DC3-8729-B173E663DAF8}.Debug|Any CPU.ActiveCfg = Debug|Any CPU
		{5F9E8C3E-21DD-4DC3-8729-B173E663DAF8}.Debug|Any CPU.Build.0 = Debug|Any CPU
		{5F9E8C3E-21DD-4DC3-8729-B173E663DAF8}.Release|Any CPU.ActiveCfg = Release|Any CPU
		{5F9E8C3E-21DD-4DC3-8729-B173E663DAF8}.Release|Any CPU.Build.0 = Release|Any CPU
		{05E905E9-7F32-43ED-B912-32106807C6FD}.Debug|Any CPU.ActiveCfg = Debug|Any CPU
		{05E905E9-7F32-43ED-B912-32106807C6FD}.Debug|Any CPU.Build.0 = Debug|Any CPU
		{05E905E9-7F32-43ED-B912-32106807C6FD}.Release|Any CPU.ActiveCfg = Release|Any CPU
		{05E905E9-7F32-43ED-B912-32106807C6FD}.Release|Any CPU.Build.0 = Release|Any CPU
		{CBF6FC32-05FC-4550-B590-02213D71D647}.Debug|Any CPU.ActiveCfg = Debug|Any CPU
		{CBF6FC32-05FC-4550-B590-02213D71D647}.Debug|Any CPU.Build.0 = Debug|Any CPU
		{CBF6FC32-05FC-4550-B590-02213D71D647}.Release|Any CPU.ActiveCfg = Release|Any CPU
		{CBF6FC32-05FC-4550-B590-02213D71D647}.Release|Any CPU.Build.0 = Release|Any CPU
		{61223188-26A4-4742-B7F7-056252B91AB1}.Debug|Any CPU.ActiveCfg = Debug|Any CPU
		{61223188-26A4-4742-B7F7-056252B91AB1}.Debug|Any CPU.Build.0 = Debug|Any CPU
		{61223188-26A4-4742-B7F7-056252B91AB1}.Release|Any CPU.ActiveCfg = Release|Any CPU
		{61223188-26A4-4742-B7F7-056252B91AB1}.Release|Any CPU.Build.0 = Release|Any CPU
		{DCA1A2DA-C0CF-4A74-ABC4-BA277711D357}.Debug|Any CPU.ActiveCfg = Debug|Any CPU
		{DCA1A2DA-C0CF-4A74-ABC4-BA277711D357}.Debug|Any CPU.Build.0 = Debug|Any CPU
		{DCA1A2DA-C0CF-4A74-ABC4-BA277711D357}.Release|Any CPU.ActiveCfg = Release|Any CPU
		{DCA1A2DA-C0CF-4A74-ABC4-BA277711D357}.Release|Any CPU.Build.0 = Release|Any CPU
		{328E9083-4F75-4876-B35D-3BCE5052601F}.Debug|Any CPU.ActiveCfg = Debug|Any CPU
		{328E9083-4F75-4876-B35D-3BCE5052601F}.Debug|Any CPU.Build.0 = Debug|Any CPU
		{328E9083-4F75-4876-B35D-3BCE5052601F}.Release|Any CPU.ActiveCfg = Release|Any CPU
		{328E9083-4F75-4876-B35D-3BCE5052601F}.Release|Any CPU.Build.0 = Release|Any CPU
		{511DE58E-1173-4144-B478-1A5D89FA4CFE}.Debug|Any CPU.ActiveCfg = Debug|Any CPU
		{511DE58E-1173-4144-B478-1A5D89FA4CFE}.Debug|Any CPU.Build.0 = Debug|Any CPU
		{511DE58E-1173-4144-B478-1A5D89FA4CFE}.Release|Any CPU.ActiveCfg = Release|Any CPU
		{511DE58E-1173-4144-B478-1A5D89FA4CFE}.Release|Any CPU.Build.0 = Release|Any CPU
		{B0A3592E-C949-4566-838D-BDBF1497383C}.Debug|Any CPU.ActiveCfg = Debug|Any CPU
		{B0A3592E-C949-4566-838D-BDBF1497383C}.Debug|Any CPU.Build.0 = Debug|Any CPU
		{B0A3592E-C949-4566-838D-BDBF1497383C}.Release|Any CPU.ActiveCfg = Release|Any CPU
		{B0A3592E-C949-4566-838D-BDBF1497383C}.Release|Any CPU.Build.0 = Release|Any CPU
	EndGlobalSection
	GlobalSection(SolutionProperties) = preSolution
		HideSolutionNode = FALSE
	EndGlobalSection
	GlobalSection(NestedProjects) = preSolution
		{BC50CD6E-D5B6-4813-9448-AFC996E97DF6} = {826E2058-CCD9-4F32-A253-C0D63C647848}
		{5F9E8C3E-21DD-4DC3-8729-B173E663DAF8} = {826E2058-CCD9-4F32-A253-C0D63C647848}
		{05E905E9-7F32-43ED-B912-32106807C6FD} = {826E2058-CCD9-4F32-A253-C0D63C647848}
		{CBF6FC32-05FC-4550-B590-02213D71D647} = {BD76BCDD-BD3A-45E8-8C7E-300B25A9C517}
		{61223188-26A4-4742-B7F7-056252B91AB1} = {9FC9A587-E273-4E08-B350-400FC1B3EDD7}
		{DCA1A2DA-C0CF-4A74-ABC4-BA277711D357} = {8AACFC81-F827-4536-8B65-87F4B26D9313}
		{328E9083-4F75-4876-B35D-3BCE5052601F} = {7FA87C74-C963-4A34-BAA1-EA0E131992AD}
		{BD76BCDD-BD3A-45E8-8C7E-300B25A9C517} = {6F014FF1-7E4B-41CD-A813-67D30EA546DC}
		{9FC9A587-E273-4E08-B350-400FC1B3EDD7} = {6F014FF1-7E4B-41CD-A813-67D30EA546DC}
		{8AACFC81-F827-4536-8B65-87F4B26D9313} = {6F014FF1-7E4B-41CD-A813-67D30EA546DC}
		{7FA87C74-C963-4A34-BAA1-EA0E131992AD} = {6F014FF1-7E4B-41CD-A813-67D30EA546DC}
		{5E45A009-F4F5-4068-8509-02752E4509B0} = {6F014FF1-7E4B-41CD-A813-67D30EA546DC}
		{511DE58E-1173-4144-B478-1A5D89FA4CFE} = {5E45A009-F4F5-4068-8509-02752E4509B0}
		{B0A3592E-C949-4566-838D-BDBF1497383C} = {5E45A009-F4F5-4068-8509-02752E4509B0}
	EndGlobalSection
	GlobalSection(ExtensibilityGlobals) = postSolution
		SolutionGuid = {04261CC7-82B4-4C76-A0D5-DF3711BBF397}
	EndGlobalSection
EndGlobal
